
Microsoft Visual Studio Solution File, Format Version 12.00
# Visual Studio Version 17
VisualStudioVersion = 17.6.33815.320
MinimumVisualStudioVersion = 10.0.40219.1
Project("{9A19103F-16F7-4668-BE54-9A1E7A4F7556}") = "YahtzeePro.Core", "YahtzeePro\YahtzeePro.Core.csproj", "{AA5F0006-236F-4F60-BFE8-F68B41253DEA}"
EndProject
Project("{9A19103F-16F7-4668-BE54-9A1E7A4F7556}") = "YahtzeePro.tests", "YahtzeePro.tests\YahtzeePro.tests.csproj", "{12CB7296-2B08-401D-AAC1-C3914926FBFA}"
EndProject
Project("{9A19103F-16F7-4668-BE54-9A1E7A4F7556}") = "YahtzeePro.Play", "YahtzeePro.Play\YahtzeePro.Play.csproj", "{34D99571-5A5A-4BE3-87B9-DC192C5FDBAB}"
EndProject
Project("{FAE04EC0-301F-11D3-BF4B-00C04F79EFBC}") = "YahtzeePro.Optimum.Api", "YahtzeePro.Optimum.Api\YahtzeePro.Optimum.Api.csproj", "{6DBB11F6-F99F-4DBA-8684-9EFEE445EF0D}"
EndProject
Project("{FAE04EC0-301F-11D3-BF4B-00C04F79EFBC}") = "YahtzeePro.Optimum", "YahtzeePro.Optimum\YahtzeePro.Optimum.csproj", "{DFA537B4-51CE-400D-83C9-273B6ED29AEC}"
EndProject
Project("{FAE04EC0-301F-11D3-BF4B-00C04F79EFBC}") = "YahtzeePro.Play.Api", "YahtzeePro.Play.Api\YahtzeePro.Play.Api.csproj", "{E134BBE1-349C-4B09-BFC7-9FBDE30FB600}"
EndProject
Project("{FAE04EC0-301F-11D3-BF4B-00C04F79EFBC}") = "YahtzeePro.Cli", "YahtzeePro.Cli\YahtzeePro.Cli.csproj", "{3DD0DCD9-1AFF-4092-AE9C-5D4574211880}"
EndProject
Global
	GlobalSection(SolutionConfigurationPlatforms) = preSolution
		Debug|Any CPU = Debug|Any CPU
		Release|Any CPU = Release|Any CPU
	EndGlobalSection
	GlobalSection(ProjectConfigurationPlatforms) = postSolution
		{AA5F0006-236F-4F60-BFE8-F68B41253DEA}.Debug|Any CPU.ActiveCfg = Debug|Any CPU
		{AA5F0006-236F-4F60-BFE8-F68B41253DEA}.Debug|Any CPU.Build.0 = Debug|Any CPU
		{AA5F0006-236F-4F60-BFE8-F68B41253DEA}.Release|Any CPU.ActiveCfg = Release|Any CPU
		{AA5F0006-236F-4F60-BFE8-F68B41253DEA}.Release|Any CPU.Build.0 = Release|Any CPU
		{12CB7296-2B08-401D-AAC1-C3914926FBFA}.Debug|Any CPU.ActiveCfg = Debug|Any CPU
		{12CB7296-2B08-401D-AAC1-C3914926FBFA}.Debug|Any CPU.Build.0 = Debug|Any CPU
		{12CB7296-2B08-401D-AAC1-C3914926FBFA}.Release|Any CPU.ActiveCfg = Release|Any CPU
		{12CB7296-2B08-401D-AAC1-C3914926FBFA}.Release|Any CPU.Build.0 = Release|Any CPU
		{34D99571-5A5A-4BE3-87B9-DC192C5FDBAB}.Debug|Any CPU.ActiveCfg = Debug|Any CPU
		{34D99571-5A5A-4BE3-87B9-DC192C5FDBAB}.Debug|Any CPU.Build.0 = Debug|Any CPU
		{34D99571-5A5A-4BE3-87B9-DC192C5FDBAB}.Release|Any CPU.ActiveCfg = Release|Any CPU
		{34D99571-5A5A-4BE3-87B9-DC192C5FDBAB}.Release|Any CPU.Build.0 = Release|Any CPU
		{6DBB11F6-F99F-4DBA-8684-9EFEE445EF0D}.Debug|Any CPU.ActiveCfg = Debug|Any CPU
		{6DBB11F6-F99F-4DBA-8684-9EFEE445EF0D}.Debug|Any CPU.Build.0 = Debug|Any CPU
		{6DBB11F6-F99F-4DBA-8684-9EFEE445EF0D}.Release|Any CPU.ActiveCfg = Release|Any CPU
		{6DBB11F6-F99F-4DBA-8684-9EFEE445EF0D}.Release|Any CPU.Build.0 = Release|Any CPU
		{DFA537B4-51CE-400D-83C9-273B6ED29AEC}.Debug|Any CPU.ActiveCfg = Debug|Any CPU
		{DFA537B4-51CE-400D-83C9-273B6ED29AEC}.Debug|Any CPU.Build.0 = Debug|Any CPU
		{DFA537B4-51CE-400D-83C9-273B6ED29AEC}.Release|Any CPU.ActiveCfg = Release|Any CPU
		{DFA537B4-51CE-400D-83C9-273B6ED29AEC}.Release|Any CPU.Build.0 = Release|Any CPU
		{E134BBE1-349C-4B09-BFC7-9FBDE30FB600}.Debug|Any CPU.ActiveCfg = Debug|Any CPU
		{E134BBE1-349C-4B09-BFC7-9FBDE30FB600}.Debug|Any CPU.Build.0 = Debug|Any CPU
		{E134BBE1-349C-4B09-BFC7-9FBDE30FB600}.Release|Any CPU.ActiveCfg = Release|Any CPU
		{E134BBE1-349C-4B09-BFC7-9FBDE30FB600}.Release|Any CPU.Build.0 = Release|Any CPU
		{3DD0DCD9-1AFF-4092-AE9C-5D4574211880}.Debug|Any CPU.ActiveCfg = Debug|Any CPU
		{3DD0DCD9-1AFF-4092-AE9C-5D4574211880}.Debug|Any CPU.Build.0 = Debug|Any CPU
		{3DD0DCD9-1AFF-4092-AE9C-5D4574211880}.Release|Any CPU.ActiveCfg = Release|Any CPU
		{3DD0DCD9-1AFF-4092-AE9C-5D4574211880}.Release|Any CPU.Build.0 = Release|Any CPU
	EndGlobalSection
	GlobalSection(SolutionProperties) = preSolution
		HideSolutionNode = FALSE
	EndGlobalSection
	GlobalSection(ExtensibilityGlobals) = postSolution
		SolutionGuid = {462D65D3-2303-453F-9584-78070222496E}
	EndGlobalSection
EndGlobal
